{
  "name": "s-core",
  "version": "0.1.0",
  "lockfileVersion": 1,
  "requires": true,
  "dependencies": {
    "s-is": {
      "version": "1.4.15",
      "resolved": "https://registry.npmjs.org/s-is/-/s-is-1.4.15.tgz",
      "integrity": "sha512-wA5SfegGekn4YeZh4EJe652wHCe76702djdSgU/ccaXK8dnwJvn54TQKXtnvGG0Y8feBmNIxC5y4a/E/FVZpFg=="
    },
    "s-router": {
      "version": "0.9.9",
      "resolved": "https://registry.npmjs.org/s-router/-/s-router-0.9.9.tgz",
      "integrity": "sha1-J+k24ogGq8DGVomgnCyg2E5z2Ls=",
      "requires": {
        "s-is": "1.4.15"
      }
    },
    "s-uid": {
      "version": "1.3.3",
      "resolved": "https://registry.npmjs.org/s-uid/-/s-uid-1.3.3.tgz",
      "integrity": "sha512-umksvtv9UkI0kR1azd6gvqk5tyg462P25oj5rFMO8z8lGqwVvyI9aL0KiSOQ0CI3TneNgmyNFxEOhR7Vq3KrTA=="
    }
  }
}
